<Solution>
    <Folder Name="/src/">
        <Project Path="src/DevQuestion.Application/DevQuestion.Application.csproj" />
        <Project Path="src/DevQuestion.Contracts/DevQuestion.Contracts.csproj" />
        <Project Path="src/DevQuestion.Domain/DevQuestion.Domain.csproj" />
        <Project Path="src/DevQuestion.Presenters/DevQuestion.Presenters.csproj" />
        <Project Path="src/DevQuestion.Web/DevQuestion.Web.csproj" />
    </Folder>
</Solution>
